
Microsoft Visual Studio Solution File, Format Version 12.00
# Visual Studio Version 17
VisualStudioVersion = 17.3.32825.248
MinimumVisualStudioVersion = 10.0.40219.1
Project("{FAE04EC0-301F-11D3-BF4B-00C04F79EFBC}") = "libraria_WebAPI", "libraria_WebAPI\libraria_WebAPI.csproj", "{B99FDBA8-A7C6-4EB9-B09A-F0D1D1BFF656}"
EndProject
Project("{FAE04EC0-301F-11D3-BF4B-00C04F79EFBC}") = "Librarymodule", "..\Librarymodule\Librarymodule\Librarymodule.csproj", "{C4A0307E-78B6-4B27-8C13-4C923B8A001A}"
	ProjectSection(ProjectDependencies) = postProject
		{B99FDBA8-A7C6-4EB9-B09A-F0D1D1BFF656} = {B99FDBA8-A7C6-4EB9-B09A-F0D1D1BFF656}
	EndProjectSection
EndProject
Global
	GlobalSection(SolutionConfigurationPlatforms) = preSolution
		Debug|Any CPU = Debug|Any CPU
		Release|Any CPU = Release|Any CPU
	EndGlobalSection
	GlobalSection(ProjectConfigurationPlatforms) = postSolution
		{B99FDBA8-A7C6-4EB9-B09A-F0D1D1BFF656}.Debug|Any CPU.ActiveCfg = Debug|Any CPU
		{B99FDBA8-A7C6-4EB9-B09A-F0D1D1BFF656}.Debug|Any CPU.Build.0 = Debug|Any CPU
		{B99FDBA8-A7C6-4EB9-B09A-F0D1D1BFF656}.Release|Any CPU.ActiveCfg = Release|Any CPU
		{B99FDBA8-A7C6-4EB9-B09A-F0D1D1BFF656}.Release|Any CPU.Build.0 = Release|Any CPU
		{C4A0307E-78B6-4B27-8C13-4C923B8A001A}.Debug|Any CPU.ActiveCfg = Debug|Any CPU
		{C4A0307E-78B6-4B27-8C13-4C923B8A001A}.Debug|Any CPU.Build.0 = Debug|Any CPU
		{C4A0307E-78B6-4B27-8C13-4C923B8A001A}.Release|Any CPU.ActiveCfg = Release|Any CPU
		{C4A0307E-78B6-4B27-8C13-4C923B8A001A}.Release|Any CPU.Build.0 = Release|Any CPU
	EndGlobalSection
	GlobalSection(SolutionProperties) = preSolution
		HideSolutionNode = FALSE
	EndGlobalSection
	GlobalSection(ExtensibilityGlobals) = postSolution
		SolutionGuid = {AF857542-FBD8-486F-84BF-CC6C645E770F}
	EndGlobalSection
EndGlobal
